// !$*UTF8*$!
{
	archiveVersion = 1;
	classes = {
	};
	objectVersion = 46;
	objects = {

/* Begin PBXBuildFile section */
		24E587991D488C0800A43050 /* AppDelegate.swift in Sources */ = {isa = PBXBuildFile; fileRef = 24E587981D488C0800A43050 /* AppDelegate.swift */; };
		24E5879B1D488C0800A43050 /* ViewController.swift in Sources */ = {isa = PBXBuildFile; fileRef = 24E5879A1D488C0800A43050 /* ViewController.swift */; };
		24E5879E1D488C0800A43050 /* Main.storyboard in Resources */ = {isa = PBXBuildFile; fileRef = 24E5879C1D488C0800A43050 /* Main.storyboard */; };
		24E587A01D488C0800A43050 /* Assets.xcassets in Resources */ = {isa = PBXBuildFile; fileRef = 24E5879F1D488C0800A43050 /* Assets.xcassets */; };
		24E587A31D488C0800A43050 /* LaunchScreen.storyboard in Resources */ = {isa = PBXBuildFile; fileRef = 24E587A11D488C0800A43050 /* LaunchScreen.storyboard */; };
/* End PBXBuildFile section */

/* Begin PBXFileReference section */
		24E587951D488C0800A43050 /* Egg Timer.app */ = {isa = PBXFileReference; explicitFileType = wrapper.application; includeInIndex = 0; path = "Egg Timer.app"; sourceTree = BUILT_PRODUCTS_DIR; };
		24E587981D488C0800A43050 /* AppDelegate.swift */ = {isa = PBXFileReference; lastKnownFileType = sourcecode.swift; path = AppDelegate.swift; sourceTree = "<group>"; };
		24E5879A1D488C0800A43050 /* ViewController.swift */ = {isa = PBXFileReference; lastKnownFileType = sourcecode.swift; path = ViewController.swift; sourceTree = "<group>"; };
		24E5879D1D488C0800A43050 /* Base */ = {isa = PBXFileReference; lastKnownFileType = file.storyboard; name = Base; path = Base.lproj/Main.storyboard; sourceTree = "<group>"; };
		24E5879F1D488C0800A43050 /* Assets.xcassets */ = {isa = PBXFileReference; lastKnownFileType = folder.assetcatalog; path = Assets.xcassets; sourceTree = "<group>"; };
		24E587A21D488C0800A43050 /* Base */ = {isa = PBXFileReference; lastKnownFileType = file.storyboard; name = Base; path = Base.lproj/LaunchScreen.storyboard; sourceTree = "<group>"; };
		24E587A41D488C0800A43050 /* Info.plist */ = {isa = PBXFileReference; lastKnownFileType = text.plist.xml; path = Info.plist; sourceTree = "<group>"; };
/* End PBXFileReference section */

/* Begin PBXFrameworksBuildPhase section */
		24E587921D488C0800A43050 /* Frameworks */ = {
			isa = PBXFrameworksBuildPhase;
			buildActionMask = 2147483647;
			files = (
			);
			runOnlyForDeploymentPostprocessing = 0;
		};
/* End PBXFrameworksBuildPhase section */

/* Begin PBXGroup section */
		24E5878C1D488C0800A43050 = {
			isa = PBXGroup;
			children = (
				24E587971D488C0800A43050 /* Egg Timer */,
				24E587961D488C0800A43050 /* Products */,
			);
			sourceTree = "<group>";
		};
		24E587961D488C0800A43050 /* Products */ = {
			isa = PBXGroup;
			children = (
				24E587951D488C0800A43050 /* Egg Timer.app */,
			);
			name = Products;
			sourceTree = "<group>";
		};
		24E587971D488C0800A43050 /* Egg Timer */ = {
			isa = PBXGroup;
			children = (
				24E587981D488C0800A43050 /* AppDelegate.swift */,
				24E5879A1D488C0800A43050 /* ViewController.swift */,
				24E5879C1D488C0800A43050 /* Main.storyboard */,
				24E5879F1D488C0800A43050 /* Assets.xcassets */,
				24E587A11D488C0800A43050 /* LaunchScreen.storyboard */,
				24E587A41D488C0800A43050 /* Info.plist */,
			);
			path = "Egg Timer";
			sourceTree = "<group>";
		};
/* End PBXGroup section */

/* Begin PBXNativeTarget section */
		24E587941D488C0800A43050 /* Egg Timer */ = {
			isa = PBXNativeTarget;
			buildConfigurationList = 24E587A71D488C0800A43050 /* Build configuration list for PBXNativeTarget "Egg Timer" */;
			buildPhases = (
				24E587911D488C0800A43050 /* Sources */,
				24E587921D488C0800A43050 /* Frameworks */,
				24E587931D488C0800A43050 /* Resources */,
			);
			buildRules = (
			);
			dependencies = (
			);
			name = "Egg Timer";
			productName = "Egg Timer";
			productReference = 24E587951D488C0800A43050 /* Egg Timer.app */;
			productType = "com.apple.product-type.application";
		};
/* End PBXNativeTarget section */

/* Begin PBXProject section */
		24E5878D1D488C0800A43050 /* Project object */ = {
			isa = PBXProject;
			attributes = {
				LastSwiftUpdateCheck = 0800;
				LastUpgradeCheck = 0800;
				ORGANIZATIONNAME = "Parth Desai";
				TargetAttributes = {
					24E587941D488C0800A43050 = {
						CreatedOnToolsVersion = 8.0;
						DevelopmentTeam = KF29YMGV9R;
						DevelopmentTeamName = "Parth Desai";
						ProvisioningStyle = Automatic;
					};
				};
			};
			buildConfigurationList = 24E587901D488C0800A43050 /* Build configuration list for PBXProject "Egg Timer" */;
			compatibilityVersion = "Xcode 3.2";
			developmentRegion = English;
			hasScannedForEncodings = 0;
			knownRegions = (
				en,
				Base,
			);
			mainGroup = 24E5878C1D488C0800A43050;
			productRefGroup = 24E587961D488C0800A43050 /* Products */;
			projectDirPath = "";
			projectRoot = "";
			targets = (
				24E587941D488C0800A43050 /* Egg Timer */,
			);
		};
/* End PBXProject section */

/* Begin PBXResourcesBuildPhase section */
		24E587931D488C0800A43050 /* Resources */ = {
			isa = PBXResourcesBuildPhase;
			buildActionMask = 2147483647;
			files = (
				24E587A31D488C0800A43050 /* LaunchScreen.storyboard in Resources */,
				24E587A01D488C0800A43050 /* Assets.xcassets in Resources */,
				24E5879E1D488C0800A43050 /* Main.storyboard in Resources */,
			);
			runOnlyForDeploymentPostprocessing = 0;
		};
/* End PBXResourcesBuildPhase section */

/* Begin PBXSourcesBuildPhase section */
		24E587911D488C0800A43050 /* Sources */ = {
			isa = PBXSourcesBuildPhase;
			buildActionMask = 2147483647;
			files = (
				24E5879B1D488C0800A43050 /* ViewController.swift in Sources */,
				24E587991D488C0800A43050 /* AppDelegate.swift in Sources */,
			);
			runOnlyForDeploymentPostprocessing = 0;
		};
/* End PBXSourcesBuildPhase section */

/* Begin PBXVariantGroup section */
		24E5879C1D488C0800A43050 /* Main.storyboard */ = {
			isa = PBXVariantGroup;
			children = (
				24E5879D1D488C0800A43050 /* Base */,
			);
			name = Main.storyboard;
			sourceTree = "<group>";
		};
		24E587A11D488C0800A43050 /* LaunchScreen.storyboard */ = {
			isa = PBXVariantGroup;
			children = (
				24E587A21D488C0800A43050 /* Base */,
			);
			name = LaunchScreen.storyboard;
			sourceTree = "<group>";
		};
/* End PBXVariantGroup section */

/* Begin XCBuildConfiguration section */
		24E587A51D488C0800A43050 /* Debug */ = {
			isa = XCBuildConfiguration;
			buildSettings = {
				ALWAYS_SEARCH_USER_PATHS = NO;
				CLANG_ANALYZER_NONNULL = YES;
				CLANG_CXX_LANGUAGE_STANDARD = "gnu++0x";
				CLANG_CXX_LIBRARY = "libc++";
				CLANG_ENABLE_MODULES = YES;
				CLANG_ENABLE_OBJC_ARC = YES;
				CLANG_WARN_BOOL_CONVERSION = YES;
				CLANG_WARN_CONSTANT_CONVERSION = YES;
				CLANG_WARN_DIRECT_OBJC_ISA_USAGE = YES_ERROR;
				CLANG_WARN_DOCUMENTATION_COMMENTS = YES;
				CLANG_WARN_EMPTY_BODY = YES;
				CLANG_WARN_ENUM_CONVERSION = YES;
				CLANG_WARN_INT_CONVERSION = YES;
				CLANG_WARN_OBJC_ROOT_CLASS = YES_ERROR;
				CLANG_WARN_UNREACHABLE_CODE = YES;
				CLANG_WARN__DUPLICATE_METHOD_MATCH = YES;
				"CODE_SIGN_IDENTITY[sdk=iphoneos*]" = "iPhone Developer";
				COPY_PHASE_STRIP = NO;
				DEBUG_INFORMATION_FORMAT = dwarf;
				ENABLE_STRICT_OBJC_MSGSEND = YES;
				ENABLE_TESTABILITY = YES;
				GCC_C_LANGUAGE_STANDARD = gnu99;
				GCC_DYNAMIC_NO_PIC = NO;
				GCC_NO_COMMON_BLOCKS = YES;
				GCC_OPTIMIZATION_LEVEL = 0;
				GCC_PREPROCESSOR_DEFINITIONS = (
					"DEBUG=1",
					"$(inherited)",
				);
				GCC_WARN_64_TO_32_BIT_CONVERSION = YES;
				GCC_WARN_ABOUT_RETURN_TYPE = YES_ERROR;
				GCC_WARN_UNDECLARED_SELECTOR = YES;
				GCC_WARN_UNINITIALIZED_AUTOS = YES_AGGRESSIVE;
				GCC_WARN_UNUSED_FUNCTION = YES;
				GCC_WARN_UNUSED_VARIABLE = YES;
				IPHONEOS_DEPLOYMENT_TARGET = 10.0;
				MTL_ENABLE_DEBUG_INFO = YES;
				ONLY_ACTIVE_ARCH = YES;
				SDKROOT = iphoneos;
				SWIFT_ACTIVE_COMPILATION_CONDITIONS = DEBUG;
				SWIFT_OPTIMIZATION_LEVEL = "-Onone";
			};
			name = Debug;
		};
		24E587A61D488C0800A43050 /* Release */ = {
			isa = XCBuildConfiguration;
			buildSettings = {
				ALWAYS_SEARCH_USER_PATHS = NO;
				CLANG_ANALYZER_NONNULL = YES;
				CLANG_CXX_LANGUAGE_STANDARD = "gnu++0x";
				CLANG_CXX_LIBRARY = "libc++";
				CLANG_ENABLE_MODULES = YES;
				CLANG_ENABLE_OBJC_ARC = YES;
				CLANG_WARN_BOOL_CONVERSION = YES;
				CLANG_WARN_CONSTANT_CONVERSION = YES;
				CLANG_WARN_DIRECT_OBJC_ISA_USAGE = YES_ERROR;
				CLANG_WARN_DOCUMENTATION_COMMENTS = YES;
				CLANG_WARN_EMPTY_BODY = YES;
				CLANG_WARN_ENUM_CONVERSION = YES;
				CLANG_WARN_INT_CONVERSION = YES;
				CLANG_WARN_OBJC_ROOT_CLASS = YES_ERROR;
				CLANG_WARN_UNREACHABLE_CODE = YES;
				CLANG_WARN__DUPLICATE_METHOD_MATCH = YES;
				"CODE_SIGN_IDENTITY[sdk=iphoneos*]" = "iPhone Developer";
				COPY_PHASE_STRIP = NO;
				DEBUG_INFORMATION_FORMAT = "dwarf-with-dsym";
				ENABLE_NS_ASSERTIONS = NO;
				ENABLE_STRICT_OBJC_MSGSEND = YES;
				GCC_C_LANGUAGE_STANDARD = gnu99;
				GCC_NO_COMMON_BLOCKS = YES;
				GCC_WARN_64_TO_32_BIT_CONVERSION = YES;
				GCC_WARN_ABOUT_RETURN_TYPE = YES_ERROR;
				GCC_WARN_UNDECLARED_SELECTOR = YES;
				GCC_WARN_UNINITIALIZED_AUTOS = YES_AGGRESSIVE;
				GCC_WARN_UNUSED_FUNCTION = YES;
				GCC_WARN_UNUSED_VARIABLE = YES;
				IPHONEOS_DEPLOYMENT_TARGET = 10.0;
				MTL_ENABLE_DEBUG_INFO = NO;
				SDKROOT = iphoneos;
				SWIFT_OPTIMIZATION_LEVEL = "-Owholemodule";
				VALIDATE_PRODUCT = YES;
			};
			name = Release;
		};
		24E587A81D488C0800A43050 /* Debug */ = {
			isa = XCBuildConfiguration;
			buildSettings = {
				ASSETCATALOG_COMPILER_APPICON_NAME = AppIcon;
				INFOPLIST_FILE = "Egg Timer/Info.plist";
				LD_RUNPATH_SEARCH_PATHS = "$(inherited) @executable_path/Frameworks";
				PRODUCT_BUNDLE_IDENTIFIER = "com.parthmdesai.Egg-Timer";
				PRODUCT_NAME = "$(TARGET_NAME)";
				SWIFT_VERSION = 3.0;
			};
			name = Debug;
		};
		24E587A91D488C0800A43050 /* Release */ = {
			isa = XCBuildConfiguration;
			buildSettings = {
				ASSETCATALOG_COMPILER_APPICON_NAME = AppIcon;
				INFOPLIST_FILE = "Egg Timer/Info.plist";
				LD_RUNPATH_SEARCH_PATHS = "$(inherited) @executable_path/Frameworks";
				PRODUCT_BUNDLE_IDENTIFIER = "com.parthmdesai.Egg-Timer";
				PRODUCT_NAME = "$(TARGET_NAME)";
				SWIFT_VERSION = 3.0;
			};
			name = Release;
		};
/* End XCBuildConfiguration section */

/* Begin XCConfigurationList section */
		24E587901D488C0800A43050 /* Build configuration list for PBXProject "Egg Timer" */ = {
			isa = XCConfigurationList;
			buildConfigurations = (
				24E587A51D488C0800A43050 /* Debug */,
				24E587A61D488C0800A43050 /* Release */,
			);
			defaultConfigurationIsVisible = 0;
			defaultConfigurationName = Release;
		};
		24E587A71D488C0800A43050 /* Build configuration list for PBXNativeTarget "Egg Timer" */ = {
			isa = XCConfigurationList;
			buildConfigurations = (
				24E587A81D488C0800A43050 /* Debug */,
				24E587A91D488C0800A43050 /* Release */,
			);
			defaultConfigurationIsVisible = 0;
		};
/* End XCConfigurationList section */
	};
	rootObject = 24E5878D1D488C0800A43050 /* Project object */;
}
